
Microsoft Visual Studio Solution File, Format Version 12.00
# Visual Studio Version 16
VisualStudioVersion = 16.0.30611.23
MinimumVisualStudioVersion = 10.0.40219.1
Project("{FAE04EC0-301F-11D3-BF4B-00C04F79EFBC}") = "TelaDeLinks", "TelaDeLinks\TelaDeLinks.csproj", "{384E1F87-667B-4C9D-8F7F-3F7CB5F33849}"
EndProject
Global
	GlobalSection(SolutionConfigurationPlatforms) = preSolution
		Debug|Any CPU = Debug|Any CPU
		Release|Any CPU = Release|Any CPU
	EndGlobalSection
	GlobalSection(ProjectConfigurationPlatforms) = postSolution
		{384E1F87-667B-4C9D-8F7F-3F7CB5F33849}.Debug|Any CPU.ActiveCfg = Debug|Any CPU
		{384E1F87-667B-4C9D-8F7F-3F7CB5F33849}.Debug|Any CPU.Build.0 = Debug|Any CPU
		{384E1F87-667B-4C9D-8F7F-3F7CB5F33849}.Release|Any CPU.ActiveCfg = Release|Any CPU
		{384E1F87-667B-4C9D-8F7F-3F7CB5F33849}.Release|Any CPU.Build.0 = Release|Any CPU
	EndGlobalSection
	GlobalSection(SolutionProperties) = preSolution
		HideSolutionNode = FALSE
	EndGlobalSection
	GlobalSection(ExtensibilityGlobals) = postSolution
		SolutionGuid = {3C7CD6BF-7947-49CA-BE86-1EDD9BA3A966}
	EndGlobalSection
EndGlobal
